{
  "name": "node",
  "lockfileVersion": 3,
  "requires": true,
  "packages": {
    "": {
      "dependencies": {
        "mcdajs": "^1.0.0"
      }
    },
    "node_modules/mcdajs": {
      "version": "1.0.0",
      "resolved": "https://registry.npmjs.org/mcdajs/-/mcdajs-1.0.0.tgz",
      "integrity": "sha512-gHhNnSEw5VOYw8bo9h2EYIi0WrVEL5rGhYxce0VYbqJ7yqRcxIc3IROZPe3/26icAfvIO5nrZLA/BXC1rY19Iw==",
      "license": "MIT",
      "engines": {
        "node": ">=20"
      }
    }
  }
}
