{
  "name": "node",
  "lockfileVersion": 3,
  "requires": true,
  "packages": {
    "": {
      "dependencies": {
        "mcdajs": "^0.0.2"
      }
    },
    "node_modules/mcdajs": {
      "version": "0.0.2",
      "resolved": "https://registry.npmjs.org/mcdajs/-/mcdajs-0.0.2.tgz",
      "integrity": "sha512-VPdp4zjmu0WMbUXJggLSjyZ1nz3/yiAcXXpumtqsG+YPGkN2cLFGV+FJui/Z+EirWAIDGTlhMfHNqq7gN9qiWA==",
      "license": "MIT",
      "engines": {
        "node": ">=20"
      }
    }
  }
}
